// !$*UTF8*$!
{
	archiveVersion = 1;
	classes = {
	};
	objectVersion = 50;
	objects = {

/* Begin PBXBuildFile section */
		688FF75026CC56E200DF3FB1 /* AppDelegate.swift in Sources */ = {isa = PBXBuildFile; fileRef = 688FF74F26CC56E200DF3FB1 /* AppDelegate.swift */; };
		688FF75226CC56E200DF3FB1 /* SceneDelegate.swift in Sources */ = {isa = PBXBuildFile; fileRef = 688FF75126CC56E200DF3FB1 /* SceneDelegate.swift */; };
		688FF75426CC56E200DF3FB1 /* ViewController.swift in Sources */ = {isa = PBXBuildFile; fileRef = 688FF75326CC56E200DF3FB1 /* ViewController.swift */; };
		688FF75726CC56E200DF3FB1 /* Main.storyboard in Resources */ = {isa = PBXBuildFile; fileRef = 688FF75526CC56E200DF3FB1 /* Main.storyboard */; };
		688FF75926CC56E600DF3FB1 /* Assets.xcassets in Resources */ = {isa = PBXBuildFile; fileRef = 688FF75826CC56E600DF3FB1 /* Assets.xcassets */; };
		688FF75C26CC56E600DF3FB1 /* LaunchScreen.storyboard in Resources */ = {isa = PBXBuildFile; fileRef = 688FF75A26CC56E600DF3FB1 /* LaunchScreen.storyboard */; };
/* End PBXBuildFile section */

/* Begin PBXFileReference section */
		688FF74C26CC56E200DF3FB1 /* Traffic Lights.app */ = {isa = PBXFileReference; explicitFileType = wrapper.application; includeInIndex = 0; path = "Traffic Lights.app"; sourceTree = BUILT_PRODUCTS_DIR; };
		688FF74F26CC56E200DF3FB1 /* AppDelegate.swift */ = {isa = PBXFileReference; lastKnownFileType = sourcecode.swift; path = AppDelegate.swift; sourceTree = "<group>"; };
		688FF75126CC56E200DF3FB1 /* SceneDelegate.swift */ = {isa = PBXFileReference; lastKnownFileType = sourcecode.swift; path = SceneDelegate.swift; sourceTree = "<group>"; };
		688FF75326CC56E200DF3FB1 /* ViewController.swift */ = {isa = PBXFileReference; lastKnownFileType = sourcecode.swift; path = ViewController.swift; sourceTree = "<group>"; };
		688FF75626CC56E200DF3FB1 /* Base */ = {isa = PBXFileReference; lastKnownFileType = file.storyboard; name = Base; path = Base.lproj/Main.storyboard; sourceTree = "<group>"; };
		688FF75826CC56E600DF3FB1 /* Assets.xcassets */ = {isa = PBXFileReference; lastKnownFileType = folder.assetcatalog; path = Assets.xcassets; sourceTree = "<group>"; };
		688FF75B26CC56E600DF3FB1 /* Base */ = {isa = PBXFileReference; lastKnownFileType = file.storyboard; name = Base; path = Base.lproj/LaunchScreen.storyboard; sourceTree = "<group>"; };
		688FF75D26CC56E600DF3FB1 /* Info.plist */ = {isa = PBXFileReference; lastKnownFileType = text.plist.xml; path = Info.plist; sourceTree = "<group>"; };
/* End PBXFileReference section */

/* Begin PBXFrameworksBuildPhase section */
		688FF74926CC56E200DF3FB1 /* Frameworks */ = {
			isa = PBXFrameworksBuildPhase;
			buildActionMask = 2147483647;
			files = (
			);
			runOnlyForDeploymentPostprocessing = 0;
		};
/* End PBXFrameworksBuildPhase section */

/* Begin PBXGroup section */
		688FF74326CC56E200DF3FB1 = {
			isa = PBXGroup;
			children = (
				688FF74E26CC56E200DF3FB1 /* Traffic Lights */,
				688FF74D26CC56E200DF3FB1 /* Products */,
			);
			sourceTree = "<group>";
		};
		688FF74D26CC56E200DF3FB1 /* Products */ = {
			isa = PBXGroup;
			children = (
				688FF74C26CC56E200DF3FB1 /* Traffic Lights.app */,
			);
			name = Products;
			sourceTree = "<group>";
		};
		688FF74E26CC56E200DF3FB1 /* Traffic Lights */ = {
			isa = PBXGroup;
			children = (
				688FF74F26CC56E200DF3FB1 /* AppDelegate.swift */,
				688FF75126CC56E200DF3FB1 /* SceneDelegate.swift */,
				688FF75326CC56E200DF3FB1 /* ViewController.swift */,
				688FF75526CC56E200DF3FB1 /* Main.storyboard */,
				688FF75826CC56E600DF3FB1 /* Assets.xcassets */,
				688FF75A26CC56E600DF3FB1 /* LaunchScreen.storyboard */,
				688FF75D26CC56E600DF3FB1 /* Info.plist */,
			);
			path = "Traffic Lights";
			sourceTree = "<group>";
		};
/* End PBXGroup section */

/* Begin PBXNativeTarget section */
		688FF74B26CC56E200DF3FB1 /* Traffic Lights */ = {
			isa = PBXNativeTarget;
			buildConfigurationList = 688FF76026CC56E600DF3FB1 /* Build configuration list for PBXNativeTarget "Traffic Lights" */;
			buildPhases = (
				688FF74826CC56E200DF3FB1 /* Sources */,
				688FF74926CC56E200DF3FB1 /* Frameworks */,
				688FF74A26CC56E200DF3FB1 /* Resources */,
			);
			buildRules = (
			);
			dependencies = (
			);
			name = "Traffic Lights";
			productName = "Traffic Lights";
			productReference = 688FF74C26CC56E200DF3FB1 /* Traffic Lights.app */;
			productType = "com.apple.product-type.application";
		};
/* End PBXNativeTarget section */

/* Begin PBXProject section */
		688FF74426CC56E200DF3FB1 /* Project object */ = {
			isa = PBXProject;
			attributes = {
				LastSwiftUpdateCheck = 1250;
				LastUpgradeCheck = 1250;
				TargetAttributes = {
					688FF74B26CC56E200DF3FB1 = {
						CreatedOnToolsVersion = 12.5;
					};
				};
			};
			buildConfigurationList = 688FF74726CC56E200DF3FB1 /* Build configuration list for PBXProject "Traffic Lights" */;
			compatibilityVersion = "Xcode 9.3";
			developmentRegion = en;
			hasScannedForEncodings = 0;
			knownRegions = (
				en,
				Base,
			);
			mainGroup = 688FF74326CC56E200DF3FB1;
			productRefGroup = 688FF74D26CC56E200DF3FB1 /* Products */;
			projectDirPath = "";
			projectRoot = "";
			targets = (
				688FF74B26CC56E200DF3FB1 /* Traffic Lights */,
			);
		};
/* End PBXProject section */

/* Begin PBXResourcesBuildPhase section */
		688FF74A26CC56E200DF3FB1 /* Resources */ = {
			isa = PBXResourcesBuildPhase;
			buildActionMask = 2147483647;
			files = (
				688FF75C26CC56E600DF3FB1 /* LaunchScreen.storyboard in Resources */,
				688FF75926CC56E600DF3FB1 /* Assets.xcassets in Resources */,
				688FF75726CC56E200DF3FB1 /* Main.storyboard in Resources */,
			);
			runOnlyForDeploymentPostprocessing = 0;
		};
/* End PBXResourcesBuildPhase section */

/* Begin PBXSourcesBuildPhase section */
		688FF74826CC56E200DF3FB1 /* Sources */ = {
			isa = PBXSourcesBuildPhase;
			buildActionMask = 2147483647;
			files = (
				688FF75426CC56E200DF3FB1 /* ViewController.swift in Sources */,
				688FF75026CC56E200DF3FB1 /* AppDelegate.swift in Sources */,
				688FF75226CC56E200DF3FB1 /* SceneDelegate.swift in Sources */,
			);
			runOnlyForDeploymentPostprocessing = 0;
		};
/* End PBXSourcesBuildPhase section */

/* Begin PBXVariantGroup section */
		688FF75526CC56E200DF3FB1 /* Main.storyboard */ = {
			isa = PBXVariantGroup;
			children = (
				688FF75626CC56E200DF3FB1 /* Base */,
			);
			name = Main.storyboard;
			sourceTree = "<group>";
		};
		688FF75A26CC56E600DF3FB1 /* LaunchScreen.storyboard */ = {
			isa = PBXVariantGroup;
			children = (
				688FF75B26CC56E600DF3FB1 /* Base */,
			);
			name = LaunchScreen.storyboard;
			sourceTree = "<group>";
		};
/* End PBXVariantGroup section */

/* Begin XCBuildConfiguration section */
		688FF75E26CC56E600DF3FB1 /* Debug */ = {
			isa = XCBuildConfiguration;
			buildSettings = {
				ALWAYS_SEARCH_USER_PATHS = NO;
				CLANG_ANALYZER_NONNULL = YES;
				CLANG_ANALYZER_NUMBER_OBJECT_CONVERSION = YES_AGGRESSIVE;
				CLANG_CXX_LANGUAGE_STANDARD = "gnu++14";
				CLANG_CXX_LIBRARY = "libc++";
				CLANG_ENABLE_MODULES = YES;
				CLANG_ENABLE_OBJC_ARC = YES;
				CLANG_ENABLE_OBJC_WEAK = YES;
				CLANG_WARN_BLOCK_CAPTURE_AUTORELEASING = YES;
				CLANG_WARN_BOOL_CONVERSION = YES;
				CLANG_WARN_COMMA = YES;
				CLANG_WARN_CONSTANT_CONVERSION = YES;
				CLANG_WARN_DEPRECATED_OBJC_IMPLEMENTATIONS = YES;
				CLANG_WARN_DIRECT_OBJC_ISA_USAGE = YES_ERROR;
				CLANG_WARN_DOCUMENTATION_COMMENTS = YES;
				CLANG_WARN_EMPTY_BODY = YES;
				CLANG_WARN_ENUM_CONVERSION = YES;
				CLANG_WARN_INFINITE_RECURSION = YES;
				CLANG_WARN_INT_CONVERSION = YES;
				CLANG_WARN_NON_LITERAL_NULL_CONVERSION = YES;
				CLANG_WARN_OBJC_IMPLICIT_RETAIN_SELF = YES;
				CLANG_WARN_OBJC_LITERAL_CONVERSION = YES;
				CLANG_WARN_OBJC_ROOT_CLASS = YES_ERROR;
				CLANG_WARN_QUOTED_INCLUDE_IN_FRAMEWORK_HEADER = YES;
				CLANG_WARN_RANGE_LOOP_ANALYSIS = YES;
				CLANG_WARN_STRICT_PROTOTYPES = YES;
				CLANG_WARN_SUSPICIOUS_MOVE = YES;
				CLANG_WARN_UNGUARDED_AVAILABILITY = YES_AGGRESSIVE;
				CLANG_WARN_UNREACHABLE_CODE = YES;
				CLANG_WARN__DUPLICATE_METHOD_MATCH = YES;
				COPY_PHASE_STRIP = NO;
				DEBUG_INFORMATION_FORMAT = dwarf;
				ENABLE_STRICT_OBJC_MSGSEND = YES;
				ENABLE_TESTABILITY = YES;
				GCC_C_LANGUAGE_STANDARD = gnu11;
				GCC_DYNAMIC_NO_PIC = NO;
				GCC_NO_COMMON_BLOCKS = YES;
				GCC_OPTIMIZATION_LEVEL = 0;
				GCC_PREPROCESSOR_DEFINITIONS = (
					"DEBUG=1",
					"$(inherited)",
				);
				GCC_WARN_64_TO_32_BIT_CONVERSION = YES;
				GCC_WARN_ABOUT_RETURN_TYPE = YES_ERROR;
				GCC_WARN_UNDECLARED_SELECTOR = YES;
				GCC_WARN_UNINITIALIZED_AUTOS = YES_AGGRESSIVE;
				GCC_WARN_UNUSED_FUNCTION = YES;
				GCC_WARN_UNUSED_VARIABLE = YES;
				IPHONEOS_DEPLOYMENT_TARGET = 14.5;
				MTL_ENABLE_DEBUG_INFO = INCLUDE_SOURCE;
				MTL_FAST_MATH = YES;
				ONLY_ACTIVE_ARCH = YES;
				SDKROOT = iphoneos;
				SWIFT_ACTIVE_COMPILATION_CONDITIONS = DEBUG;
				SWIFT_OPTIMIZATION_LEVEL = "-Onone";
			};
			name = Debug;
		};
		688FF75F26CC56E600DF3FB1 /* Release */ = {
			isa = XCBuildConfiguration;
			buildSettings = {
				ALWAYS_SEARCH_USER_PATHS = NO;
				CLANG_ANALYZER_NONNULL = YES;
				CLANG_ANALYZER_NUMBER_OBJECT_CONVERSION = YES_AGGRESSIVE;
				CLANG_CXX_LANGUAGE_STANDARD = "gnu++14";
				CLANG_CXX_LIBRARY = "libc++";
				CLANG_ENABLE_MODULES = YES;
				CLANG_ENABLE_OBJC_ARC = YES;
				CLANG_ENABLE_OBJC_WEAK = YES;
				CLANG_WARN_BLOCK_CAPTURE_AUTORELEASING = YES;
				CLANG_WARN_BOOL_CONVERSION = YES;
				CLANG_WARN_COMMA = YES;
				CLANG_WARN_CONSTANT_CONVERSION = YES;
				CLANG_WARN_DEPRECATED_OBJC_IMPLEMENTATIONS = YES;
				CLANG_WARN_DIRECT_OBJC_ISA_USAGE = YES_ERROR;
				CLANG_WARN_DOCUMENTATION_COMMENTS = YES;
				CLANG_WARN_EMPTY_BODY = YES;
				CLANG_WARN_ENUM_CONVERSION = YES;
				CLANG_WARN_INFINITE_RECURSION = YES;
				CLANG_WARN_INT_CONVERSION = YES;
				CLANG_WARN_NON_LITERAL_NULL_CONVERSION = YES;
				CLANG_WARN_OBJC_IMPLICIT_RETAIN_SELF = YES;
				CLANG_WARN_OBJC_LITERAL_CONVERSION = YES;
				CLANG_WARN_OBJC_ROOT_CLASS = YES_ERROR;
				CLANG_WARN_QUOTED_INCLUDE_IN_FRAMEWORK_HEADER = YES;
				CLANG_WARN_RANGE_LOOP_ANALYSIS = YES;
				CLANG_WARN_STRICT_PROTOTYPES = YES;
				CLANG_WARN_SUSPICIOUS_MOVE = YES;
				CLANG_WARN_UNGUARDED_AVAILABILITY = YES_AGGRESSIVE;
				CLANG_WARN_UNREACHABLE_CODE = YES;
				CLANG_WARN__DUPLICATE_METHOD_MATCH = YES;
				COPY_PHASE_STRIP = NO;
				DEBUG_INFORMATION_FORMAT = "dwarf-with-dsym";
				ENABLE_NS_ASSERTIONS = NO;
				ENABLE_STRICT_OBJC_MSGSEND = YES;
				GCC_C_LANGUAGE_STANDARD = gnu11;
				GCC_NO_COMMON_BLOCKS = YES;
				GCC_WARN_64_TO_32_BIT_CONVERSION = YES;
				GCC_WARN_ABOUT_RETURN_TYPE = YES_ERROR;
				GCC_WARN_UNDECLARED_SELECTOR = YES;
				GCC_WARN_UNINITIALIZED_AUTOS = YES_AGGRESSIVE;
				GCC_WARN_UNUSED_FUNCTION = YES;
				GCC_WARN_UNUSED_VARIABLE = YES;
				IPHONEOS_DEPLOYMENT_TARGET = 14.5;
				MTL_ENABLE_DEBUG_INFO = NO;
				MTL_FAST_MATH = YES;
				SDKROOT = iphoneos;
				SWIFT_COMPILATION_MODE = wholemodule;
				SWIFT_OPTIMIZATION_LEVEL = "-O";
				VALIDATE_PRODUCT = YES;
			};
			name = Release;
		};
		688FF76126CC56E600DF3FB1 /* Debug */ = {
			isa = XCBuildConfiguration;
			buildSettings = {
				ASSETCATALOG_COMPILER_APPICON_NAME = AppIcon;
				ASSETCATALOG_COMPILER_GLOBAL_ACCENT_COLOR_NAME = AccentColor;
				CODE_SIGN_STYLE = Automatic;
				INFOPLIST_FILE = "Traffic Lights/Info.plist";
				LD_RUNPATH_SEARCH_PATHS = (
					"$(inherited)",
					"@executable_path/Frameworks",
				);
				PRODUCT_BUNDLE_IDENTIFIER = "com.example.Traffic-Lights";
				PRODUCT_NAME = "$(TARGET_NAME)";
				SWIFT_VERSION = 5.0;
				TARGETED_DEVICE_FAMILY = 1;
			};
			name = Debug;
		};
		688FF76226CC56E600DF3FB1 /* Release */ = {
			isa = XCBuildConfiguration;
			buildSettings = {
				ASSETCATALOG_COMPILER_APPICON_NAME = AppIcon;
				ASSETCATALOG_COMPILER_GLOBAL_ACCENT_COLOR_NAME = AccentColor;
				CODE_SIGN_STYLE = Automatic;
				INFOPLIST_FILE = "Traffic Lights/Info.plist";
				LD_RUNPATH_SEARCH_PATHS = (
					"$(inherited)",
					"@executable_path/Frameworks",
				);
				PRODUCT_BUNDLE_IDENTIFIER = "com.example.Traffic-Lights";
				PRODUCT_NAME = "$(TARGET_NAME)";
				SWIFT_VERSION = 5.0;
				TARGETED_DEVICE_FAMILY = 1;
			};
			name = Release;
		};
/* End XCBuildConfiguration section */

/* Begin XCConfigurationList section */
		688FF74726CC56E200DF3FB1 /* Build configuration list for PBXProject "Traffic Lights" */ = {
			isa = XCConfigurationList;
			buildConfigurations = (
				688FF75E26CC56E600DF3FB1 /* Debug */,
				688FF75F26CC56E600DF3FB1 /* Release */,
			);
			defaultConfigurationIsVisible = 0;
			defaultConfigurationName = Release;
		};
		688FF76026CC56E600DF3FB1 /* Build configuration list for PBXNativeTarget "Traffic Lights" */ = {
			isa = XCConfigurationList;
			buildConfigurations = (
				688FF76126CC56E600DF3FB1 /* Debug */,
				688FF76226CC56E600DF3FB1 /* Release */,
			);
			defaultConfigurationIsVisible = 0;
			defaultConfigurationName = Release;
		};
/* End XCConfigurationList section */
	};
	rootObject = 688FF74426CC56E200DF3FB1 /* Project object */;
}
